{
  "version": 4,
  "terraform_version": "1.9.6",
  "serial": 59,
  "lineage": "7666ea02-010b-bec7-e3d3-9eede75a78b0",
  "outputs": {},
  "resources": [
    {
      "mode": "data",
      "type": "archive_file",
      "name": "function",
      "provider": "provider[\"registry.terraform.io/hashicorp/archive\"]",
      "instances": [
        {
          "schema_version": 0,
          "attributes": {
            "exclude_symlink_directories": null,
            "excludes": null,
            "id": "c5366f8731c60c9ad22e4790f8011d857644b3fc",
            "output_base64sha256": "kVUtBYWWXigBtbDKk/P3ezfCdgtmT1x6P5uj3AnaEww=",
            "output_base64sha512": "IGvP3FRTvAzokGGz/yTK7c6ifMG3rNzCMZviCT/oNqu6l2S1h/i+PbUXICHfzYC8PR+3Sl5AH0Ck42uuJ9WVUA==",
            "output_file_mode": null,
            "output_md5": "c8d0768ec22128561257f39c7f96c10c",
            "output_path": "cloud-function.zip",
            "output_sha": "c5366f8731c60c9ad22e4790f8011d857644b3fc",
            "output_sha256": "91552d0585965e2801b5b0ca93f3f77b37c2760b664f5c7a3f9ba3dc09da130c",
            "output_sha512": "206bcfdc5453bc0ce89061b3ff24caedcea27cc1b7acdcc2319be2093fe836abba9764b587f8be3db5172021dfcd80bc3d1fb74a5e401f40a4e36bae27d59550",
            "output_size": 860,
            "source": [],
            "source_content": null,
            "source_content_filename": null,
            "source_dir": "../cloud-function-code/",
            "source_file": null,
            "type": "zip"
          },
          "sensitive_attributes": []
        }
      ]
    },
    {
      "mode": "managed",
      "type": "google_cloudfunctions2_function",
      "name": "default",
      "provider": "provider[\"registry.terraform.io/hashicorp/google\"]",
      "instances": [
        {
          "schema_version": 0,
          "attributes": {
            "build_config": [
              {
                "build": "projects/494025100653/locations/us-central1/builds/0399d0ba-88da-401b-839a-7613f8b0fffb",
                "docker_repository": "projects/project-practice-439802/locations/us-central1/repositories/gcf-artifacts",
                "entry_point": "loadData",
                "environment_variables": {},
                "runtime": "python39",
                "source": [
                  {
                    "repo_source": [],
                    "storage_source": [
                      {
                        "bucket": "project-6032-central",
                        "generation": 1731128384027121,
                        "object": "cloud-function.zip"
                      }
                    ]
                  }
                ],
                "worker_pool": ""
              }
            ],
            "description": "launches dataflow to push into bigquery",
            "effective_labels": {},
            "environment": "GEN_2",
            "event_trigger": [
              {
                "event_filters": [
                  {
                    "attribute": "bucket",
                    "operator": "",
                    "value": "project-6032-cricket-data"
                  }
                ],
                "event_type": "google.cloud.storage.object.v1.finalized",
                "pubsub_topic": "projects/project-practice-439802/topics/eventarc-us-central1-dataupload-680160-804",
                "retry_policy": "RETRY_POLICY_DO_NOT_RETRY",
                "service_account_email": "494025100653-compute@developer.gserviceaccount.com",
                "trigger": "projects/project-practice-439802/locations/us-central1/triggers/dataupload-680160",
                "trigger_region": "us-central1"
              }
            ],
            "id": "projects/project-practice-439802/locations/us-central1/functions/dataupload",
            "kms_key_name": "",
            "labels": {},
            "location": "us-central1",
            "name": "dataupload",
            "project": "project-practice-439802",
            "service_config": [
              {
                "all_traffic_on_latest_revision": true,
                "available_cpu": "0.1666",
                "available_memory": "256M",
                "environment_variables": {
                  "LOG_EXECUTION_ID": "true"
                },
                "gcf_uri": "",
                "ingress_settings": "ALLOW_ALL",
                "max_instance_count": 1,
                "max_instance_request_concurrency": 1,
                "min_instance_count": 0,
                "secret_environment_variables": [],
                "secret_volumes": [],
                "service": "projects/project-practice-439802/locations/us-central1/services/dataupload",
                "service_account_email": "494025100653-compute@developer.gserviceaccount.com",
                "timeout_seconds": 60,
                "uri": "https://dataupload-kmyizcehwq-uc.a.run.app",
                "vpc_connector": "",
                "vpc_connector_egress_settings": ""
              }
            ],
            "state": "ACTIVE",
            "terraform_labels": {},
            "timeouts": null,
            "update_time": "2024-11-09T05:00:58.928984476Z",
            "url": "https://us-central1-project-practice-439802.cloudfunctions.net/dataupload"
          },
          "sensitive_attributes": [],
          "private": "eyJlMmJmYjczMC1lY2FhLTExZTYtOGY4OC0zNDM2M2JjN2M0YzAiOnsiY3JlYXRlIjozNjAwMDAwMDAwMDAwLCJkZWxldGUiOjM2MDAwMDAwMDAwMDAsInVwZGF0ZSI6MzYwMDAwMDAwMDAwMH19",
          "dependencies": [
            "data.archive_file.function",
            "google_storage_bucket.bucket1",
            "google_storage_bucket.bucket2",
            "google_storage_bucket_object.function"
          ]
        }
      ]
    },
    {
      "mode": "managed",
      "type": "google_storage_bucket",
      "name": "bucket1",
      "provider": "provider[\"registry.terraform.io/hashicorp/google\"]",
      "instances": [
        {
          "schema_version": 1,
          "attributes": {
            "autoclass": [],
            "cors": [],
            "custom_placement_config": [],
            "default_event_based_hold": false,
            "effective_labels": {},
            "enable_object_retention": false,
            "encryption": [],
            "force_destroy": true,
            "id": "project-6032-central",
            "labels": null,
            "lifecycle_rule": [],
            "location": "US-CENTRAL1",
            "logging": [],
            "name": "project-6032-central",
            "project": "project-practice-439802",
            "public_access_prevention": "inherited",
            "requester_pays": false,
            "retention_policy": [],
            "rpo": null,
            "self_link": "https://www.googleapis.com/storage/v1/b/project-6032-central",
            "storage_class": "STANDARD",
            "terraform_labels": {},
            "timeouts": null,
            "uniform_bucket_level_access": false,
            "url": "gs://project-6032-central",
            "versioning": [],
            "website": []
          },
          "sensitive_attributes": [],
          "private": "eyJlMmJmYjczMC1lY2FhLTExZTYtOGY4OC0zNDM2M2JjN2M0YzAiOnsiY3JlYXRlIjo2MDAwMDAwMDAwMDAsInJlYWQiOjI0MDAwMDAwMDAwMCwidXBkYXRlIjoyNDAwMDAwMDAwMDB9LCJzY2hlbWFfdmVyc2lvbiI6IjEifQ=="
        }
      ]
    },
    {
      "mode": "managed",
      "type": "google_storage_bucket",
      "name": "bucket2",
      "provider": "provider[\"registry.terraform.io/hashicorp/google\"]",
      "instances": [
        {
          "schema_version": 1,
          "attributes": {
            "autoclass": [],
            "cors": [],
            "custom_placement_config": [],
            "default_event_based_hold": false,
            "effective_labels": {},
            "enable_object_retention": false,
            "encryption": [],
            "force_destroy": true,
            "id": "project-6032-cricket-data",
            "labels": null,
            "lifecycle_rule": [],
            "location": "US-CENTRAL1",
            "logging": [],
            "name": "project-6032-cricket-data",
            "project": "project-practice-439802",
            "public_access_prevention": "inherited",
            "requester_pays": false,
            "retention_policy": [],
            "rpo": null,
            "self_link": "https://www.googleapis.com/storage/v1/b/project-6032-cricket-data",
            "storage_class": "STANDARD",
            "terraform_labels": {},
            "timeouts": null,
            "uniform_bucket_level_access": false,
            "url": "gs://project-6032-cricket-data",
            "versioning": [],
            "website": []
          },
          "sensitive_attributes": [],
          "private": "eyJlMmJmYjczMC1lY2FhLTExZTYtOGY4OC0zNDM2M2JjN2M0YzAiOnsiY3JlYXRlIjo2MDAwMDAwMDAwMDAsInJlYWQiOjI0MDAwMDAwMDAwMCwidXBkYXRlIjoyNDAwMDAwMDAwMDB9LCJzY2hlbWFfdmVyc2lvbiI6IjEifQ=="
        }
      ]
    },
    {
      "mode": "managed",
      "type": "google_storage_bucket_object",
      "name": "etl_sctipt",
      "provider": "provider[\"registry.terraform.io/hashicorp/google\"]",
      "instances": [
        {
          "schema_version": 0,
          "attributes": {
            "bucket": "project-6032-central",
            "cache_control": "",
            "content": null,
            "content_disposition": "",
            "content_encoding": "",
            "content_language": "",
            "content_type": "text/plain; charset=utf-8",
            "crc32c": "83b8lg==",
            "customer_encryption": [],
            "detect_md5hash": "lM/t3XzGxQLx1aofaWbnLg==",
            "event_based_hold": false,
            "id": "project-6032-central-extractData.py",
            "kms_key_name": "",
            "md5hash": "lM/t3XzGxQLx1aofaWbnLg==",
            "media_link": "https://storage.googleapis.com/download/storage/v1/b/project-6032-central/o/extractData.py?generation=1731128382413109\u0026alt=media",
            "metadata": null,
            "name": "extractData.py",
            "output_name": "extractData.py",
            "retention": [],
            "self_link": "https://www.googleapis.com/storage/v1/b/project-6032-central/o/extractData.py",
            "source": "../extractData.py",
            "storage_class": "STANDARD",
            "temporary_hold": false,
            "timeouts": null
          },
          "sensitive_attributes": [
            [
              {
                "type": "get_attr",
                "value": "content"
              }
            ]
          ],
          "private": "eyJlMmJmYjczMC1lY2FhLTExZTYtOGY4OC0zNDM2M2JjN2M0YzAiOnsiY3JlYXRlIjoyNDAwMDAwMDAwMDAsImRlbGV0ZSI6MjQwMDAwMDAwMDAwLCJ1cGRhdGUiOjI0MDAwMDAwMDAwMH19",
          "dependencies": [
            "google_storage_bucket.bucket1"
          ]
        }
      ]
    },
    {
      "mode": "managed",
      "type": "google_storage_bucket_object",
      "name": "function",
      "provider": "provider[\"registry.terraform.io/hashicorp/google\"]",
      "instances": [
        {
          "schema_version": 0,
          "attributes": {
            "bucket": "project-6032-central",
            "cache_control": "",
            "content": null,
            "content_disposition": "",
            "content_encoding": "",
            "content_language": "",
            "content_type": "application/zip",
            "crc32c": "QyWbwg==",
            "customer_encryption": [],
            "detect_md5hash": "yNB2jsIhKFYSV/Ocf5bBDA==",
            "event_based_hold": false,
            "id": "project-6032-central-cloud-function.zip",
            "kms_key_name": "",
            "md5hash": "yNB2jsIhKFYSV/Ocf5bBDA==",
            "media_link": "https://storage.googleapis.com/download/storage/v1/b/project-6032-central/o/cloud-function.zip?generation=1731128382410706\u0026alt=media",
            "metadata": null,
            "name": "cloud-function.zip",
            "output_name": "cloud-function.zip",
            "retention": [],
            "self_link": "https://www.googleapis.com/storage/v1/b/project-6032-central/o/cloud-function.zip",
            "source": "cloud-function.zip",
            "storage_class": "STANDARD",
            "temporary_hold": false,
            "timeouts": null
          },
          "sensitive_attributes": [
            [
              {
                "type": "get_attr",
                "value": "content"
              }
            ]
          ],
          "private": "eyJlMmJmYjczMC1lY2FhLTExZTYtOGY4OC0zNDM2M2JjN2M0YzAiOnsiY3JlYXRlIjoyNDAwMDAwMDAwMDAsImRlbGV0ZSI6MjQwMDAwMDAwMDAwLCJ1cGRhdGUiOjI0MDAwMDAwMDAwMH19",
          "dependencies": [
            "data.archive_file.function",
            "google_storage_bucket.bucket1"
          ]
        }
      ]
    },
    {
      "mode": "managed",
      "type": "google_storage_bucket_object",
      "name": "js_file",
      "provider": "provider[\"registry.terraform.io/hashicorp/google\"]",
      "instances": [
        {
          "schema_version": 0,
          "attributes": {
            "bucket": "project-6032-central",
            "cache_control": "",
            "content": null,
            "content_disposition": "",
            "content_encoding": "",
            "content_language": "",
            "content_type": "text/plain; charset=utf-8",
            "crc32c": "ZP92kw==",
            "customer_encryption": [],
            "detect_md5hash": "RE9C0obwx1zUfn6WqkaofA==",
            "event_based_hold": false,
            "id": "project-6032-central-udf.js",
            "kms_key_name": "",
            "md5hash": "RE9C0obwx1zUfn6WqkaofA==",
            "media_link": "https://storage.googleapis.com/download/storage/v1/b/project-6032-central/o/udf.js?generation=1731128382314305\u0026alt=media",
            "metadata": null,
            "name": "udf.js",
            "output_name": "udf.js",
            "retention": [],
            "self_link": "https://www.googleapis.com/storage/v1/b/project-6032-central/o/udf.js",
            "source": "../udf.js",
            "storage_class": "STANDARD",
            "temporary_hold": false,
            "timeouts": null
          },
          "sensitive_attributes": [
            [
              {
                "type": "get_attr",
                "value": "content"
              }
            ]
          ],
          "private": "eyJlMmJmYjczMC1lY2FhLTExZTYtOGY4OC0zNDM2M2JjN2M0YzAiOnsiY3JlYXRlIjoyNDAwMDAwMDAwMDAsImRlbGV0ZSI6MjQwMDAwMDAwMDAwLCJ1cGRhdGUiOjI0MDAwMDAwMDAwMH19",
          "dependencies": [
            "google_storage_bucket.bucket1"
          ]
        }
      ]
    },
    {
      "mode": "managed",
      "type": "google_storage_bucket_object",
      "name": "json_file",
      "provider": "provider[\"registry.terraform.io/hashicorp/google\"]",
      "instances": [
        {
          "schema_version": 0,
          "attributes": {
            "bucket": "project-6032-central",
            "cache_control": "",
            "content": null,
            "content_disposition": "",
            "content_encoding": "",
            "content_language": "",
            "content_type": "text/plain; charset=utf-8",
            "crc32c": "jBUpZw==",
            "customer_encryption": [],
            "detect_md5hash": "ZjwaUaXB4Gh08Ohq6xgGtw==",
            "event_based_hold": false,
            "id": "project-6032-central-bqschema.json",
            "kms_key_name": "",
            "md5hash": "ZjwaUaXB4Gh08Ohq6xgGtw==",
            "media_link": "https://storage.googleapis.com/download/storage/v1/b/project-6032-central/o/bqschema.json?generation=1731128382418619\u0026alt=media",
            "metadata": null,
            "name": "bqschema.json",
            "output_name": "bqschema.json",
            "retention": [],
            "self_link": "https://www.googleapis.com/storage/v1/b/project-6032-central/o/bqschema.json",
            "source": "../bqschema.json",
            "storage_class": "STANDARD",
            "temporary_hold": false,
            "timeouts": null
          },
          "sensitive_attributes": [
            [
              {
                "type": "get_attr",
                "value": "content"
              }
            ]
          ],
          "private": "eyJlMmJmYjczMC1lY2FhLTExZTYtOGY4OC0zNDM2M2JjN2M0YzAiOnsiY3JlYXRlIjoyNDAwMDAwMDAwMDAsImRlbGV0ZSI6MjQwMDAwMDAwMDAwLCJ1cGRhdGUiOjI0MDAwMDAwMDAwMH19",
          "dependencies": [
            "google_storage_bucket.bucket1"
          ]
        }
      ]
    }
  ],
  "check_results": null
}
